
Microsoft Visual Studio Solution File, Format Version 12.00
# Visual Studio Version 16
VisualStudioVersion = 16.0.31105.61
MinimumVisualStudioVersion = 10.0.40219.1
Project("{FAE04EC0-301F-11D3-BF4B-00C04F79EFBC}") = "Warehouse", "Warehouse\Warehouse.csproj", "{F16803B2-0D4E-4268-A1DB-F44B35E19A24}"
EndProject
Project("{FAE04EC0-301F-11D3-BF4B-00C04F79EFBC}") = "Warehouse.Model", "Warehouse.Model\Warehouse.Model.csproj", "{C0C84692-91C1-4662-8E26-7B85E293719E}"
EndProject
Global
	GlobalSection(SolutionConfigurationPlatforms) = preSolution
		Debug|Any CPU = Debug|Any CPU
		Release|Any CPU = Release|Any CPU
	EndGlobalSection
	GlobalSection(ProjectConfigurationPlatforms) = postSolution
		{F16803B2-0D4E-4268-A1DB-F44B35E19A24}.Debug|Any CPU.ActiveCfg = Debug|Any CPU
		{F16803B2-0D4E-4268-A1DB-F44B35E19A24}.Debug|Any CPU.Build.0 = Debug|Any CPU
		{F16803B2-0D4E-4268-A1DB-F44B35E19A24}.Release|Any CPU.ActiveCfg = Release|Any CPU
		{F16803B2-0D4E-4268-A1DB-F44B35E19A24}.Release|Any CPU.Build.0 = Release|Any CPU
		{C0C84692-91C1-4662-8E26-7B85E293719E}.Debug|Any CPU.ActiveCfg = Debug|Any CPU
		{C0C84692-91C1-4662-8E26-7B85E293719E}.Debug|Any CPU.Build.0 = Debug|Any CPU
		{C0C84692-91C1-4662-8E26-7B85E293719E}.Release|Any CPU.ActiveCfg = Release|Any CPU
		{C0C84692-91C1-4662-8E26-7B85E293719E}.Release|Any CPU.Build.0 = Release|Any CPU
	EndGlobalSection
	GlobalSection(SolutionProperties) = preSolution
		HideSolutionNode = FALSE
	EndGlobalSection
	GlobalSection(ExtensibilityGlobals) = postSolution
		SolutionGuid = {F6A42E04-C5A8-46EB-8602-FBF2615BFFD2}
	EndGlobalSection
EndGlobal
